// !$*UTF8*$!
{
	archiveVersion = 1;
	classes = {
	};
	objectVersion = 56;
	objects = {

/* Begin PBXBuildFile section */
		C31321052C64B9EE00D3F87F /* TmdbView.swift in Sources */ = {isa = PBXBuildFile; fileRef = C31321042C64B9EE00D3F87F /* TmdbView.swift */; };
		C31321072C65F72300D3F87F /* MovieDetailView.swift in Sources */ = {isa = PBXBuildFile; fileRef = C31321062C65F72300D3F87F /* MovieDetailView.swift */; };
		C31321092C6633BD00D3F87F /* ProfileView.swift in Sources */ = {isa = PBXBuildFile; fileRef = C31321082C6633BD00D3F87F /* ProfileView.swift */; };
		C3C2C2D22C60F6A700728869 /* SwiftUIBaloncukApp.swift in Sources */ = {isa = PBXBuildFile; fileRef = C3C2C2D12C60F6A700728869 /* SwiftUIBaloncukApp.swift */; };
		C3C2C2D42C60F6A700728869 /* AuthenticationView.swift in Sources */ = {isa = PBXBuildFile; fileRef = C3C2C2D32C60F6A700728869 /* AuthenticationView.swift */; };
		C3C2C2D62C60F6A700728869 /* Item.swift in Sources */ = {isa = PBXBuildFile; fileRef = C3C2C2D52C60F6A700728869 /* Item.swift */; };
		C3C2C2D82C60F6AA00728869 /* Assets.xcassets in Resources */ = {isa = PBXBuildFile; fileRef = C3C2C2D72C60F6AA00728869 /* Assets.xcassets */; };
		C3C2C2DC2C60F6AA00728869 /* Preview Assets.xcassets in Resources */ = {isa = PBXBuildFile; fileRef = C3C2C2DB2C60F6AA00728869 /* Preview Assets.xcassets */; };
		C3C2C2E32C61094B00728869 /* LoginView.swift in Sources */ = {isa = PBXBuildFile; fileRef = C3C2C2E22C61094B00728869 /* LoginView.swift */; };
		C3D6ECE72C63473500A6F17E /* AppState.swift in Sources */ = {isa = PBXBuildFile; fileRef = C3D6ECE62C63473500A6F17E /* AppState.swift */; };
		C3D6ECE92C63478C00A6F17E /* HomeView.swift in Sources */ = {isa = PBXBuildFile; fileRef = C3D6ECE82C63478C00A6F17E /* HomeView.swift */; };
		C3D6ECEB2C634D7600A6F17E /* MyApp.swift in Sources */ = {isa = PBXBuildFile; fileRef = C3D6ECEA2C634D7600A6F17E /* MyApp.swift */; };
		C3D6ECED2C634DA500A6F17E /* ContentView.swift in Sources */ = {isa = PBXBuildFile; fileRef = C3D6ECEC2C634DA500A6F17E /* ContentView.swift */; };
		C3EB863F2C62432300845195 /* SignUpView.swift in Sources */ = {isa = PBXBuildFile; fileRef = C3EB863E2C62432300845195 /* SignUpView.swift */; };
/* End PBXBuildFile section */

/* Begin PBXFileReference section */
		C31321042C64B9EE00D3F87F /* TmdbView.swift */ = {isa = PBXFileReference; lastKnownFileType = sourcecode.swift; path = TmdbView.swift; sourceTree = "<group>"; };
		C31321062C65F72300D3F87F /* MovieDetailView.swift */ = {isa = PBXFileReference; lastKnownFileType = sourcecode.swift; path = MovieDetailView.swift; sourceTree = "<group>"; };
		C31321082C6633BD00D3F87F /* ProfileView.swift */ = {isa = PBXFileReference; lastKnownFileType = sourcecode.swift; path = ProfileView.swift; sourceTree = "<group>"; };
		C3C2C2CE2C60F6A700728869 /* SwiftUIBaloncuk.app */ = {isa = PBXFileReference; explicitFileType = wrapper.application; includeInIndex = 0; path = SwiftUIBaloncuk.app; sourceTree = BUILT_PRODUCTS_DIR; };
		C3C2C2D12C60F6A700728869 /* SwiftUIBaloncukApp.swift */ = {isa = PBXFileReference; lastKnownFileType = sourcecode.swift; path = SwiftUIBaloncukApp.swift; sourceTree = "<group>"; };
		C3C2C2D32C60F6A700728869 /* AuthenticationView.swift */ = {isa = PBXFileReference; lastKnownFileType = sourcecode.swift; path = AuthenticationView.swift; sourceTree = "<group>"; };
		C3C2C2D52C60F6A700728869 /* Item.swift */ = {isa = PBXFileReference; lastKnownFileType = sourcecode.swift; path = Item.swift; sourceTree = "<group>"; };
		C3C2C2D72C60F6AA00728869 /* Assets.xcassets */ = {isa = PBXFileReference; lastKnownFileType = folder.assetcatalog; path = Assets.xcassets; sourceTree = "<group>"; };
		C3C2C2D92C60F6AA00728869 /* SwiftUIBaloncuk.entitlements */ = {isa = PBXFileReference; lastKnownFileType = text.plist.entitlements; path = SwiftUIBaloncuk.entitlements; sourceTree = "<group>"; };
		C3C2C2DB2C60F6AA00728869 /* Preview Assets.xcassets */ = {isa = PBXFileReference; lastKnownFileType = folder.assetcatalog; path = "Preview Assets.xcassets"; sourceTree = "<group>"; };
		C3C2C2E22C61094B00728869 /* LoginView.swift */ = {isa = PBXFileReference; lastKnownFileType = sourcecode.swift; path = LoginView.swift; sourceTree = "<group>"; };
		C3D6ECE62C63473500A6F17E /* AppState.swift */ = {isa = PBXFileReference; lastKnownFileType = sourcecode.swift; path = AppState.swift; sourceTree = "<group>"; };
		C3D6ECE82C63478C00A6F17E /* HomeView.swift */ = {isa = PBXFileReference; lastKnownFileType = sourcecode.swift; path = HomeView.swift; sourceTree = "<group>"; };
		C3D6ECEA2C634D7600A6F17E /* MyApp.swift */ = {isa = PBXFileReference; lastKnownFileType = sourcecode.swift; path = MyApp.swift; sourceTree = "<group>"; };
		C3D6ECEC2C634DA500A6F17E /* ContentView.swift */ = {isa = PBXFileReference; lastKnownFileType = sourcecode.swift; path = ContentView.swift; sourceTree = "<group>"; };
		C3EB863E2C62432300845195 /* SignUpView.swift */ = {isa = PBXFileReference; lastKnownFileType = sourcecode.swift; path = SignUpView.swift; sourceTree = "<group>"; };
/* End PBXFileReference section */

/* Begin PBXFrameworksBuildPhase section */
		C3C2C2CB2C60F6A700728869 /* Frameworks */ = {
			isa = PBXFrameworksBuildPhase;
			buildActionMask = 2147483647;
			files = (
			);
			runOnlyForDeploymentPostprocessing = 0;
		};
/* End PBXFrameworksBuildPhase section */

/* Begin PBXGroup section */
		C3C2C2C52C60F6A700728869 = {
			isa = PBXGroup;
			children = (
				C3C2C2D02C60F6A700728869 /* SwiftUIBaloncuk */,
				C3C2C2CF2C60F6A700728869 /* Products */,
			);
			sourceTree = "<group>";
		};
		C3C2C2CF2C60F6A700728869 /* Products */ = {
			isa = PBXGroup;
			children = (
				C3C2C2CE2C60F6A700728869 /* SwiftUIBaloncuk.app */,
			);
			name = Products;
			sourceTree = "<group>";
		};
		C3C2C2D02C60F6A700728869 /* SwiftUIBaloncuk */ = {
			isa = PBXGroup;
			children = (
				C3D6ECE62C63473500A6F17E /* AppState.swift */,
				C31321042C64B9EE00D3F87F /* TmdbView.swift */,
				C3D6ECEC2C634DA500A6F17E /* ContentView.swift */,
				C3D6ECEA2C634D7600A6F17E /* MyApp.swift */,
				C3D6ECE82C63478C00A6F17E /* HomeView.swift */,
				C3C2C2E42C610BDA00728869 /* Auth */,
				C3C2C2D12C60F6A700728869 /* SwiftUIBaloncukApp.swift */,
				C3C2C2D52C60F6A700728869 /* Item.swift */,
				C3C2C2D72C60F6AA00728869 /* Assets.xcassets */,
				C3C2C2D92C60F6AA00728869 /* SwiftUIBaloncuk.entitlements */,
				C3C2C2DA2C60F6AA00728869 /* Preview Content */,
				C31321062C65F72300D3F87F /* MovieDetailView.swift */,
				C31321082C6633BD00D3F87F /* ProfileView.swift */,
			);
			path = SwiftUIBaloncuk;
			sourceTree = "<group>";
		};
		C3C2C2DA2C60F6AA00728869 /* Preview Content */ = {
			isa = PBXGroup;
			children = (
				C3C2C2DB2C60F6AA00728869 /* Preview Assets.xcassets */,
			);
			path = "Preview Content";
			sourceTree = "<group>";
		};
		C3C2C2E42C610BDA00728869 /* Auth */ = {
			isa = PBXGroup;
			children = (
				C3C2C2D32C60F6A700728869 /* AuthenticationView.swift */,
				C3C2C2E22C61094B00728869 /* LoginView.swift */,
				C3EB863E2C62432300845195 /* SignUpView.swift */,
			);
			path = Auth;
			sourceTree = "<group>";
		};
/* End PBXGroup section */

/* Begin PBXNativeTarget section */
		C3C2C2CD2C60F6A700728869 /* SwiftUIBaloncuk */ = {
			isa = PBXNativeTarget;
			buildConfigurationList = C3C2C2DF2C60F6AA00728869 /* Build configuration list for PBXNativeTarget "SwiftUIBaloncuk" */;
			buildPhases = (
				C3C2C2CA2C60F6A700728869 /* Sources */,
				C3C2C2CB2C60F6A700728869 /* Frameworks */,
				C3C2C2CC2C60F6A700728869 /* Resources */,
			);
			buildRules = (
			);
			dependencies = (
			);
			name = SwiftUIBaloncuk;
			productName = SwiftUIBaloncuk;
			productReference = C3C2C2CE2C60F6A700728869 /* SwiftUIBaloncuk.app */;
			productType = "com.apple.product-type.application";
		};
/* End PBXNativeTarget section */

/* Begin PBXProject section */
		C3C2C2C62C60F6A700728869 /* Project object */ = {
			isa = PBXProject;
			attributes = {
				BuildIndependentTargetsInParallel = 1;
				LastSwiftUpdateCheck = 1540;
				LastUpgradeCheck = 1540;
				TargetAttributes = {
					C3C2C2CD2C60F6A700728869 = {
						CreatedOnToolsVersion = 15.4;
					};
				};
			};
			buildConfigurationList = C3C2C2C92C60F6A700728869 /* Build configuration list for PBXProject "SwiftUIBaloncuk" */;
			compatibilityVersion = "Xcode 14.0";
			developmentRegion = en;
			hasScannedForEncodings = 0;
			knownRegions = (
				en,
				Base,
			);
			mainGroup = C3C2C2C52C60F6A700728869;
			productRefGroup = C3C2C2CF2C60F6A700728869 /* Products */;
			projectDirPath = "";
			projectRoot = "";
			targets = (
				C3C2C2CD2C60F6A700728869 /* SwiftUIBaloncuk */,
			);
		};
/* End PBXProject section */

/* Begin PBXResourcesBuildPhase section */
		C3C2C2CC2C60F6A700728869 /* Resources */ = {
			isa = PBXResourcesBuildPhase;
			buildActionMask = 2147483647;
			files = (
				C3C2C2DC2C60F6AA00728869 /* Preview Assets.xcassets in Resources */,
				C3C2C2D82C60F6AA00728869 /* Assets.xcassets in Resources */,
			);
			runOnlyForDeploymentPostprocessing = 0;
		};
/* End PBXResourcesBuildPhase section */

/* Begin PBXSourcesBuildPhase section */
		C3C2C2CA2C60F6A700728869 /* Sources */ = {
			isa = PBXSourcesBuildPhase;
			buildActionMask = 2147483647;
			files = (
				C3C2C2D42C60F6A700728869 /* AuthenticationView.swift in Sources */,
				C3D6ECE92C63478C00A6F17E /* HomeView.swift in Sources */,
				C3EB863F2C62432300845195 /* SignUpView.swift in Sources */,
				C3C2C2D62C60F6A700728869 /* Item.swift in Sources */,
				C31321092C6633BD00D3F87F /* ProfileView.swift in Sources */,
				C3D6ECE72C63473500A6F17E /* AppState.swift in Sources */,
				C31321052C64B9EE00D3F87F /* TmdbView.swift in Sources */,
				C3D6ECED2C634DA500A6F17E /* ContentView.swift in Sources */,
				C3D6ECEB2C634D7600A6F17E /* MyApp.swift in Sources */,
				C3C2C2E32C61094B00728869 /* LoginView.swift in Sources */,
				C3C2C2D22C60F6A700728869 /* SwiftUIBaloncukApp.swift in Sources */,
				C31321072C65F72300D3F87F /* MovieDetailView.swift in Sources */,
			);
			runOnlyForDeploymentPostprocessing = 0;
		};
/* End PBXSourcesBuildPhase section */

/* Begin XCBuildConfiguration section */
		C3C2C2DD2C60F6AA00728869 /* Debug */ = {
			isa = XCBuildConfiguration;
			buildSettings = {
				ALWAYS_SEARCH_USER_PATHS = NO;
				ASSETCATALOG_COMPILER_GENERATE_SWIFT_ASSET_SYMBOL_EXTENSIONS = YES;
				CLANG_ANALYZER_NONNULL = YES;
				CLANG_ANALYZER_NUMBER_OBJECT_CONVERSION = YES_AGGRESSIVE;
				CLANG_CXX_LANGUAGE_STANDARD = "gnu++20";
				CLANG_ENABLE_MODULES = YES;
				CLANG_ENABLE_OBJC_ARC = YES;
				CLANG_ENABLE_OBJC_WEAK = YES;
				CLANG_WARN_BLOCK_CAPTURE_AUTORELEASING = YES;
				CLANG_WARN_BOOL_CONVERSION = YES;
				CLANG_WARN_COMMA = YES;
				CLANG_WARN_CONSTANT_CONVERSION = YES;
				CLANG_WARN_DEPRECATED_OBJC_IMPLEMENTATIONS = YES;
				CLANG_WARN_DIRECT_OBJC_ISA_USAGE = YES_ERROR;
				CLANG_WARN_DOCUMENTATION_COMMENTS = YES;
				CLANG_WARN_EMPTY_BODY = YES;
				CLANG_WARN_ENUM_CONVERSION = YES;
				CLANG_WARN_INFINITE_RECURSION = YES;
				CLANG_WARN_INT_CONVERSION = YES;
				CLANG_WARN_NON_LITERAL_NULL_CONVERSION = YES;
				CLANG_WARN_OBJC_IMPLICIT_RETAIN_SELF = YES;
				CLANG_WARN_OBJC_LITERAL_CONVERSION = YES;
				CLANG_WARN_OBJC_ROOT_CLASS = YES_ERROR;
				CLANG_WARN_QUOTED_INCLUDE_IN_FRAMEWORK_HEADER = YES;
				CLANG_WARN_RANGE_LOOP_ANALYSIS = YES;
				CLANG_WARN_STRICT_PROTOTYPES = YES;
				CLANG_WARN_SUSPICIOUS_MOVE = YES;
				CLANG_WARN_UNGUARDED_AVAILABILITY = YES_AGGRESSIVE;
				CLANG_WARN_UNREACHABLE_CODE = YES;
				CLANG_WARN__DUPLICATE_METHOD_MATCH = YES;
				COPY_PHASE_STRIP = NO;
				DEBUG_INFORMATION_FORMAT = dwarf;
				ENABLE_STRICT_OBJC_MSGSEND = YES;
				ENABLE_TESTABILITY = YES;
				ENABLE_USER_SCRIPT_SANDBOXING = YES;
				GCC_C_LANGUAGE_STANDARD = gnu17;
				GCC_DYNAMIC_NO_PIC = NO;
				GCC_NO_COMMON_BLOCKS = YES;
				GCC_OPTIMIZATION_LEVEL = 0;
				GCC_PREPROCESSOR_DEFINITIONS = (
					"DEBUG=1",
					"$(inherited)",
				);
				GCC_WARN_64_TO_32_BIT_CONVERSION = YES;
				GCC_WARN_ABOUT_RETURN_TYPE = YES_ERROR;
				GCC_WARN_UNDECLARED_SELECTOR = YES;
				GCC_WARN_UNINITIALIZED_AUTOS = YES_AGGRESSIVE;
				GCC_WARN_UNUSED_FUNCTION = YES;
				GCC_WARN_UNUSED_VARIABLE = YES;
				LOCALIZATION_PREFERS_STRING_CATALOGS = YES;
				MTL_ENABLE_DEBUG_INFO = INCLUDE_SOURCE;
				MTL_FAST_MATH = YES;
				ONLY_ACTIVE_ARCH = YES;
				SWIFT_ACTIVE_COMPILATION_CONDITIONS = "DEBUG $(inherited)";
				SWIFT_OPTIMIZATION_LEVEL = "-Onone";
			};
			name = Debug;
		};
		C3C2C2DE2C60F6AA00728869 /* Release */ = {
			isa = XCBuildConfiguration;
			buildSettings = {
				ALWAYS_SEARCH_USER_PATHS = NO;
				ASSETCATALOG_COMPILER_GENERATE_SWIFT_ASSET_SYMBOL_EXTENSIONS = YES;
				CLANG_ANALYZER_NONNULL = YES;
				CLANG_ANALYZER_NUMBER_OBJECT_CONVERSION = YES_AGGRESSIVE;
				CLANG_CXX_LANGUAGE_STANDARD = "gnu++20";
				CLANG_ENABLE_MODULES = YES;
				CLANG_ENABLE_OBJC_ARC = YES;
				CLANG_ENABLE_OBJC_WEAK = YES;
				CLANG_WARN_BLOCK_CAPTURE_AUTORELEASING = YES;
				CLANG_WARN_BOOL_CONVERSION = YES;
				CLANG_WARN_COMMA = YES;
				CLANG_WARN_CONSTANT_CONVERSION = YES;
				CLANG_WARN_DEPRECATED_OBJC_IMPLEMENTATIONS = YES;
				CLANG_WARN_DIRECT_OBJC_ISA_USAGE = YES_ERROR;
				CLANG_WARN_DOCUMENTATION_COMMENTS = YES;
				CLANG_WARN_EMPTY_BODY = YES;
				CLANG_WARN_ENUM_CONVERSION = YES;
				CLANG_WARN_INFINITE_RECURSION = YES;
				CLANG_WARN_INT_CONVERSION = YES;
				CLANG_WARN_NON_LITERAL_NULL_CONVERSION = YES;
				CLANG_WARN_OBJC_IMPLICIT_RETAIN_SELF = YES;
				CLANG_WARN_OBJC_LITERAL_CONVERSION = YES;
				CLANG_WARN_OBJC_ROOT_CLASS = YES_ERROR;
				CLANG_WARN_QUOTED_INCLUDE_IN_FRAMEWORK_HEADER = YES;
				CLANG_WARN_RANGE_LOOP_ANALYSIS = YES;
				CLANG_WARN_STRICT_PROTOTYPES = YES;
				CLANG_WARN_SUSPICIOUS_MOVE = YES;
				CLANG_WARN_UNGUARDED_AVAILABILITY = YES_AGGRESSIVE;
				CLANG_WARN_UNREACHABLE_CODE = YES;
				CLANG_WARN__DUPLICATE_METHOD_MATCH = YES;
				COPY_PHASE_STRIP = NO;
				DEBUG_INFORMATION_FORMAT = "dwarf-with-dsym";
				ENABLE_NS_ASSERTIONS = NO;
				ENABLE_STRICT_OBJC_MSGSEND = YES;
				ENABLE_USER_SCRIPT_SANDBOXING = YES;
				GCC_C_LANGUAGE_STANDARD = gnu17;
				GCC_NO_COMMON_BLOCKS = YES;
				GCC_WARN_64_TO_32_BIT_CONVERSION = YES;
				GCC_WARN_ABOUT_RETURN_TYPE = YES_ERROR;
				GCC_WARN_UNDECLARED_SELECTOR = YES;
				GCC_WARN_UNINITIALIZED_AUTOS = YES_AGGRESSIVE;
				GCC_WARN_UNUSED_FUNCTION = YES;
				GCC_WARN_UNUSED_VARIABLE = YES;
				LOCALIZATION_PREFERS_STRING_CATALOGS = YES;
				MTL_ENABLE_DEBUG_INFO = NO;
				MTL_FAST_MATH = YES;
				SWIFT_COMPILATION_MODE = wholemodule;
			};
			name = Release;
		};
		C3C2C2E02C60F6AA00728869 /* Debug */ = {
			isa = XCBuildConfiguration;
			buildSettings = {
				ASSETCATALOG_COMPILER_APPICON_NAME = AppIcon;
				ASSETCATALOG_COMPILER_GLOBAL_ACCENT_COLOR_NAME = AccentColor;
				CODE_SIGN_ENTITLEMENTS = SwiftUIBaloncuk/SwiftUIBaloncuk.entitlements;
				CODE_SIGN_STYLE = Automatic;
				CURRENT_PROJECT_VERSION = 1;
				DEVELOPMENT_ASSET_PATHS = "\"SwiftUIBaloncuk/Preview Content\"";
				DEVELOPMENT_TEAM = 7FFSRA5QSF;
				ENABLE_HARDENED_RUNTIME = YES;
				ENABLE_PREVIEWS = YES;
				GENERATE_INFOPLIST_FILE = YES;
				"INFOPLIST_KEY_UIApplicationSceneManifest_Generation[sdk=iphoneos*]" = YES;
				"INFOPLIST_KEY_UIApplicationSceneManifest_Generation[sdk=iphonesimulator*]" = YES;
				"INFOPLIST_KEY_UIApplicationSupportsIndirectInputEvents[sdk=iphoneos*]" = YES;
				"INFOPLIST_KEY_UIApplicationSupportsIndirectInputEvents[sdk=iphonesimulator*]" = YES;
				"INFOPLIST_KEY_UILaunchScreen_Generation[sdk=iphoneos*]" = YES;
				"INFOPLIST_KEY_UILaunchScreen_Generation[sdk=iphonesimulator*]" = YES;
				"INFOPLIST_KEY_UIStatusBarStyle[sdk=iphoneos*]" = UIStatusBarStyleDefault;
				"INFOPLIST_KEY_UIStatusBarStyle[sdk=iphonesimulator*]" = UIStatusBarStyleDefault;
				INFOPLIST_KEY_UISupportedInterfaceOrientations_iPad = "UIInterfaceOrientationPortrait UIInterfaceOrientationPortraitUpsideDown UIInterfaceOrientationLandscapeLeft UIInterfaceOrientationLandscapeRight";
				INFOPLIST_KEY_UISupportedInterfaceOrientations_iPhone = "UIInterfaceOrientationPortrait UIInterfaceOrientationLandscapeLeft UIInterfaceOrientationLandscapeRight";
				IPHONEOS_DEPLOYMENT_TARGET = 17.5;
				LD_RUNPATH_SEARCH_PATHS = "@executable_path/Frameworks";
				"LD_RUNPATH_SEARCH_PATHS[sdk=macosx*]" = "@executable_path/../Frameworks";
				MACOSX_DEPLOYMENT_TARGET = 14.0;
				MARKETING_VERSION = 1.0;
				PRODUCT_BUNDLE_IDENTIFIER = ADZ.SwiftUIBaloncuk;
				PRODUCT_NAME = "$(TARGET_NAME)";
				SDKROOT = auto;
				SUPPORTED_PLATFORMS = "iphoneos iphonesimulator macosx";
				SWIFT_EMIT_LOC_STRINGS = YES;
				SWIFT_VERSION = 5.0;
				TARGETED_DEVICE_FAMILY = "1,2";
			};
			name = Debug;
		};
		C3C2C2E12C60F6AA00728869 /* Release */ = {
			isa = XCBuildConfiguration;
			buildSettings = {
				ASSETCATALOG_COMPILER_APPICON_NAME = AppIcon;
				ASSETCATALOG_COMPILER_GLOBAL_ACCENT_COLOR_NAME = AccentColor;
				CODE_SIGN_ENTITLEMENTS = SwiftUIBaloncuk/SwiftUIBaloncuk.entitlements;
				CODE_SIGN_STYLE = Automatic;
				CURRENT_PROJECT_VERSION = 1;
				DEVELOPMENT_ASSET_PATHS = "\"SwiftUIBaloncuk/Preview Content\"";
				DEVELOPMENT_TEAM = 7FFSRA5QSF;
				ENABLE_HARDENED_RUNTIME = YES;
				ENABLE_PREVIEWS = YES;
				GENERATE_INFOPLIST_FILE = YES;
				"INFOPLIST_KEY_UIApplicationSceneManifest_Generation[sdk=iphoneos*]" = YES;
				"INFOPLIST_KEY_UIApplicationSceneManifest_Generation[sdk=iphonesimulator*]" = YES;
				"INFOPLIST_KEY_UIApplicationSupportsIndirectInputEvents[sdk=iphoneos*]" = YES;
				"INFOPLIST_KEY_UIApplicationSupportsIndirectInputEvents[sdk=iphonesimulator*]" = YES;
				"INFOPLIST_KEY_UILaunchScreen_Generation[sdk=iphoneos*]" = YES;
				"INFOPLIST_KEY_UILaunchScreen_Generation[sdk=iphonesimulator*]" = YES;
				"INFOPLIST_KEY_UIStatusBarStyle[sdk=iphoneos*]" = UIStatusBarStyleDefault;
				"INFOPLIST_KEY_UIStatusBarStyle[sdk=iphonesimulator*]" = UIStatusBarStyleDefault;
				INFOPLIST_KEY_UISupportedInterfaceOrientations_iPad = "UIInterfaceOrientationPortrait UIInterfaceOrientationPortraitUpsideDown UIInterfaceOrientationLandscapeLeft UIInterfaceOrientationLandscapeRight";
				INFOPLIST_KEY_UISupportedInterfaceOrientations_iPhone = "UIInterfaceOrientationPortrait UIInterfaceOrientationLandscapeLeft UIInterfaceOrientationLandscapeRight";
				IPHONEOS_DEPLOYMENT_TARGET = 17.5;
				LD_RUNPATH_SEARCH_PATHS = "@executable_path/Frameworks";
				"LD_RUNPATH_SEARCH_PATHS[sdk=macosx*]" = "@executable_path/../Frameworks";
				MACOSX_DEPLOYMENT_TARGET = 14.0;
				MARKETING_VERSION = 1.0;
				PRODUCT_BUNDLE_IDENTIFIER = ADZ.SwiftUIBaloncuk;
				PRODUCT_NAME = "$(TARGET_NAME)";
				SDKROOT = auto;
				SUPPORTED_PLATFORMS = "iphoneos iphonesimulator macosx";
				SWIFT_EMIT_LOC_STRINGS = YES;
				SWIFT_VERSION = 5.0;
				TARGETED_DEVICE_FAMILY = "1,2";
			};
			name = Release;
		};
/* End XCBuildConfiguration section */

/* Begin XCConfigurationList section */
		C3C2C2C92C60F6A700728869 /* Build configuration list for PBXProject "SwiftUIBaloncuk" */ = {
			isa = XCConfigurationList;
			buildConfigurations = (
				C3C2C2DD2C60F6AA00728869 /* Debug */,
				C3C2C2DE2C60F6AA00728869 /* Release */,
			);
			defaultConfigurationIsVisible = 0;
			defaultConfigurationName = Release;
		};
		C3C2C2DF2C60F6AA00728869 /* Build configuration list for PBXNativeTarget "SwiftUIBaloncuk" */ = {
			isa = XCConfigurationList;
			buildConfigurations = (
				C3C2C2E02C60F6AA00728869 /* Debug */,
				C3C2C2E12C60F6AA00728869 /* Release */,
			);
			defaultConfigurationIsVisible = 0;
			defaultConfigurationName = Release;
		};
/* End XCConfigurationList section */
	};
	rootObject = C3C2C2C62C60F6A700728869 /* Project object */;
}
